{
  "name": "retrieve-from-rss-feed-v2",
  "version": "1.0.0",
  "lockfileVersion": 3,
  "requires": true,
  "packages": {
    "": {
      "name": "retrieve-from-rss-feed-v2",
      "version": "1.0.0",
      "license": "ISC",
      "dependencies": {
        "rss-feed": "^0.0.0"
      }
    },
    "node_modules/rss-feed": {
      "version": "0.0.0",
      "resolved": "https://registry.npmjs.org/rss-feed/-/rss-feed-0.0.0.tgz",
      "integrity": "sha512-pYFQiJT4T5c0wF/u3OcKgGQtrzHdbdN/exEcSlEHcSSL0s+ootdj3ufAoiYLuh7B/606rB68aeadD02hsVo9tw=="
    }
  }
}
